PODS:
  - Alamofire (5.6.4)
  - Kingfisher (7.6.2)
  - Moya (15.0.0):
    - Moya/Core (= 15.0.0)
  - Moya/Core (15.0.0):
    - Alamofire (~> 5.0)

DEPENDENCIES:
  - Kingfisher (~> 7.0)
  - Moya (~> 15.0)

SPEC REPOS:
  https://github.com/CocoaPods/Specs.git:
    - Alamofire
    - Kingfisher
    - Moya

SPEC CHECKSUMS:
  Alamofire: 4e95d97098eacb88856099c4fc79b526a299e48c
  Kingfisher: 6c5449c6450c5239166510ba04afe374a98afc4f
  Moya: 138f0573e53411fb3dc17016add0b748dfbd78ee

PODFILE CHECKSUM: 6a9fd5e09c90236184209e7ef46c4919a17ef6db

COCOAPODS: 1.12.0
